
Microsoft Visual Studio Solution File, Format Version 12.00
# Visual Studio Version 17
VisualStudioVersion = 17.8.34525.116
MinimumVisualStudioVersion = 10.0.40219.1
Project("{FAE04EC0-301F-11D3-BF4B-00C04F79EFBC}") = "ProductsApi", "ProductsApp\ProductsApi.csproj", "{2373DCB1-676D-4176-8E9F-EE13F117418A}"
EndProject
Global
	GlobalSection(SolutionConfigurationPlatforms) = preSolution
		Debug|Any CPU = Debug|Any CPU
		Release|Any CPU = Release|Any CPU
	EndGlobalSection
	GlobalSection(ProjectConfigurationPlatforms) = postSolution
		{2373DCB1-676D-4176-8E9F-EE13F117418A}.Debug|Any CPU.ActiveCfg = Debug|Any CPU
		{2373DCB1-676D-4176-8E9F-EE13F117418A}.Debug|Any CPU.Build.0 = Debug|Any CPU
		{2373DCB1-676D-4176-8E9F-EE13F117418A}.Release|Any CPU.ActiveCfg = Release|Any CPU
		{2373DCB1-676D-4176-8E9F-EE13F117418A}.Release|Any CPU.Build.0 = Release|Any CPU
	EndGlobalSection
	GlobalSection(SolutionProperties) = preSolution
		HideSolutionNode = FALSE
	EndGlobalSection
	GlobalSection(ExtensibilityGlobals) = postSolution
		SolutionGuid = {FDC3B2E1-2F45-4E69-BD78-AA1AAC1E6976}
	EndGlobalSection
EndGlobal
